
Microsoft Visual Studio Solution File, Format Version 11.00
# Visual Studio 2010
Project("{FAE04EC0-301F-11D3-BF4B-00C04F79EFBC}") = "WpfDonghua1", "WpfDonghua1\WpfDonghua1.csproj", "{4d009134-d50c-42cc-8ac9-2b97704f5dd1}"
EndProject
Global
	GlobalSection(SolutionConfigurationPlatforms) = preSolution
		Debug|Any CPU = Debug|Any CPU
		Release|Any CPU = Release|Any CPU
	EndGlobalSection
	GlobalSection(ProjectConfigurationPlatforms) = postSolution
		{4D009134-D50C-42CC-8AC9-2B97704F5DD1}.Debug|Any CPU.ActiveCfg = Debug|Any CPU
		{4D009134-D50C-42CC-8AC9-2B97704F5DD1}.Debug|Any CPU.Build.0 = Debug|Any CPU
		{4D009134-D50C-42CC-8AC9-2B97704F5DD1}.Release|Any CPU.ActiveCfg = Release|Any CPU
		{4D009134-D50C-42CC-8AC9-2B97704F5DD1}.Release|Any CPU.Build.0 = Release|Any CPU
	EndGlobalSection
EndGlobal
