
Microsoft Visual Studio Solution File, Format Version 11.00
# Visual Studio 2010
Project("{FAE04EC0-301F-11D3-BF4B-00C04F79EFBC}") = "WpfClock", "WpfClock\WpfClock.csproj", "{784cc233-4f27-4736-9980-c65ca70276a9}"
EndProject
Global
	GlobalSection(SolutionConfigurationPlatforms) = preSolution
		Debug|Any CPU = Debug|Any CPU
		Release|Any CPU = Release|Any CPU
	EndGlobalSection
	GlobalSection(ProjectConfigurationPlatforms) = postSolution
		{784CC233-4F27-4736-9980-C65CA70276A9}.Debug|Any CPU.ActiveCfg = Debug|Any CPU
		{784CC233-4F27-4736-9980-C65CA70276A9}.Debug|Any CPU.Build.0 = Debug|Any CPU
		{784CC233-4F27-4736-9980-C65CA70276A9}.Release|Any CPU.ActiveCfg = Release|Any CPU
		{784CC233-4F27-4736-9980-C65CA70276A9}.Release|Any CPU.Build.0 = Release|Any CPU
	EndGlobalSection
EndGlobal
