
Microsoft Visual Studio Solution File, Format Version 11.00
# Visual Studio 2010
Project("{FAE04EC0-301F-11D3-BF4B-00C04F79EFBC}") = "WpfWord", "WpfWord\WpfWord.csproj", "{2428ddc4-624d-4fb5-b164-42056f521e86}"
EndProject
Global
	GlobalSection(SolutionConfigurationPlatforms) = preSolution
		Debug|Any CPU = Debug|Any CPU
		Release|Any CPU = Release|Any CPU
	EndGlobalSection
	GlobalSection(ProjectConfigurationPlatforms) = postSolution
		{2428DDC4-624D-4FB5-B164-42056F521E86}.Debug|Any CPU.ActiveCfg = Debug|Any CPU
		{2428DDC4-624D-4FB5-B164-42056F521E86}.Debug|Any CPU.Build.0 = Debug|Any CPU
		{2428DDC4-624D-4FB5-B164-42056F521E86}.Release|Any CPU.ActiveCfg = Release|Any CPU
		{2428DDC4-624D-4FB5-B164-42056F521E86}.Release|Any CPU.Build.0 = Release|Any CPU
	EndGlobalSection
EndGlobal
