
Microsoft Visual Studio Solution File, Format Version 11.00
# Visual Studio 2010
Project("{FAE04EC0-301F-11D3-BF4B-00C04F79EFBC}") = "SilverlightWCF_RIA", "SilverlightWCF_RIA\SilverlightWCF_RIA.csproj", "{2E67B4D7-014B-426B-AA3B-F5CACAFB769E}"
	ProjectSection(ProjectDependencies) = postProject
		{9A531814-06E5-4A44-BE7F-1A80780F29D9} = {9A531814-06E5-4A44-BE7F-1A80780F29D9}
	EndProjectSection
EndProject
Project("{FAE04EC0-301F-11D3-BF4B-00C04F79EFBC}") = "SilverlightWCF_RIA.Web", "SilverlightWCF_RIA.Web\SilverlightWCF_RIA.Web.csproj", "{9A531814-06E5-4A44-BE7F-1A80780F29D9}"
EndProject
Global
	GlobalSection(SolutionConfigurationPlatforms) = preSolution
		Debug|Any CPU = Debug|Any CPU
		Release|Any CPU = Release|Any CPU
	EndGlobalSection
	GlobalSection(ProjectConfigurationPlatforms) = postSolution
		{2E67B4D7-014B-426B-AA3B-F5CACAFB769E}.Debug|Any CPU.ActiveCfg = Debug|Any CPU
		{2E67B4D7-014B-426B-AA3B-F5CACAFB769E}.Debug|Any CPU.Build.0 = Debug|Any CPU
		{2E67B4D7-014B-426B-AA3B-F5CACAFB769E}.Release|Any CPU.ActiveCfg = Release|Any CPU
		{2E67B4D7-014B-426B-AA3B-F5CACAFB769E}.Release|Any CPU.Build.0 = Release|Any CPU
		{9A531814-06E5-4A44-BE7F-1A80780F29D9}.Debug|Any CPU.ActiveCfg = Debug|Any CPU
		{9A531814-06E5-4A44-BE7F-1A80780F29D9}.Debug|Any CPU.Build.0 = Debug|Any CPU
		{9A531814-06E5-4A44-BE7F-1A80780F29D9}.Release|Any CPU.ActiveCfg = Release|Any CPU
		{9A531814-06E5-4A44-BE7F-1A80780F29D9}.Release|Any CPU.Build.0 = Release|Any CPU
	EndGlobalSection
	GlobalSection(SolutionProperties) = preSolution
		HideSolutionNode = FALSE
	EndGlobalSection
EndGlobal
